
Microsoft Visual Studio Solution File, Format Version 12.00
# Visual Studio Version 17
VisualStudioVersion = 17.0.31903.59
MinimumVisualStudioVersion = 10.0.40219.1
Project("{2150E333-8FDC-42A3-9474-1A3956D46DE8}") = "src", "src", "{4DCA8BF5-66CB-4FA9-AC4E-3A3733A0F5A7}"
EndProject
Project("{FAE04EC0-301F-11D3-BF4B-00C04F79EFBC}") = "FluentInjections", "src\FluentInjections\FluentInjections.csproj", "{3B65ADA8-9207-4A24-BC88-3CB7F2677F51}"
EndProject
Project("{FAE04EC0-301F-11D3-BF4B-00C04F79EFBC}") = "FluentInjections.Tests", "tests\FluentInjections.Tests\FluentInjections.Tests.csproj", "{6B3CD864-6023-4307-A9EE-D4F0F7456DC5}"
EndProject
Global
	GlobalSection(SolutionConfigurationPlatforms) = preSolution
		Debug|Any CPU = Debug|Any CPU
		Release|Any CPU = Release|Any CPU
	EndGlobalSection
	GlobalSection(ProjectConfigurationPlatforms) = postSolution
		{3B65ADA8-9207-4A24-BC88-3CB7F2677F51}.Debug|Any CPU.ActiveCfg = Debug|Any CPU
		{3B65ADA8-9207-4A24-BC88-3CB7F2677F51}.Debug|Any CPU.Build.0 = Debug|Any CPU
		{3B65ADA8-9207-4A24-BC88-3CB7F2677F51}.Release|Any CPU.ActiveCfg = Release|Any CPU
		{3B65ADA8-9207-4A24-BC88-3CB7F2677F51}.Release|Any CPU.Build.0 = Release|Any CPU
		{6B3CD864-6023-4307-A9EE-D4F0F7456DC5}.Debug|Any CPU.ActiveCfg = Debug|Any CPU
		{6B3CD864-6023-4307-A9EE-D4F0F7456DC5}.Debug|Any CPU.Build.0 = Debug|Any CPU
		{6B3CD864-6023-4307-A9EE-D4F0F7456DC5}.Release|Any CPU.ActiveCfg = Release|Any CPU
		{6B3CD864-6023-4307-A9EE-D4F0F7456DC5}.Release|Any CPU.Build.0 = Release|Any CPU
	EndGlobalSection
	GlobalSection(SolutionProperties) = preSolution
		HideSolutionNode = FALSE
	EndGlobalSection
	GlobalSection(NestedProjects) = preSolution
		{3B65ADA8-9207-4A24-BC88-3CB7F2677F51} = {4DCA8BF5-66CB-4FA9-AC4E-3A3733A0F5A7}
	EndGlobalSection
EndGlobal
